// !$*UTF8*$!
{
	archiveVersion = 1;
	classes = {
	};
	objectVersion = 46;
	objects = {

/* Begin PBXBuildFile section */
		732847B91E830B9600580DE5 /* main.m in Sources */ = {isa = PBXBuildFile; fileRef = 732847B81E830B9600580DE5 /* main.m */; };
		732847BC1E830B9600580DE5 /* AppDelegate.m in Sources */ = {isa = PBXBuildFile; fileRef = 732847BB1E830B9600580DE5 /* AppDelegate.m */; };
		732847BF1E830B9600580DE5 /* ViewController.m in Sources */ = {isa = PBXBuildFile; fileRef = 732847BE1E830B9600580DE5 /* ViewController.m */; };
		732847C21E830B9600580DE5 /* Main.storyboard in Resources */ = {isa = PBXBuildFile; fileRef = 732847C01E830B9600580DE5 /* Main.storyboard */; };
		732847C41E830B9600580DE5 /* Assets.xcassets in Resources */ = {isa = PBXBuildFile; fileRef = 732847C31E830B9600580DE5 /* Assets.xcassets */; };
		732847C71E830B9600580DE5 /* LaunchScreen.storyboard in Resources */ = {isa = PBXBuildFile; fileRef = 732847C51E830B9600580DE5 /* LaunchScreen.storyboard */; };
		732847D11E830C9500580DE5 /* FreigSanProBook.otf in Resources */ = {isa = PBXBuildFile; fileRef = 732847D01E830C9500580DE5 /* FreigSanProBook.otf */; };
		732847D31E830CB400580DE5 /* BryantPro-Medium.otf in Resources */ = {isa = PBXBuildFile; fileRef = 732847D21E830CB400580DE5 /* BryantPro-Medium.otf */; };
		732847D61E830CD600580DE5 /* FDSCServiceManager.m in Sources */ = {isa = PBXBuildFile; fileRef = 732847D51E830CD600580DE5 /* FDSCServiceManager.m */; };
		EB69C23B34525A66205C3159 /* libPods-SFReferenceImpl.a in Frameworks */ = {isa = PBXBuildFile; fileRef = 8C319AE2C470E2D932C962ED /* libPods-SFReferenceImpl.a */; };
/* End PBXBuildFile section */

/* Begin PBXFileReference section */
		12E77107DDEC6BB292E51064 /* Pods-SFReferenceImpl.debug.xcconfig */ = {isa = PBXFileReference; includeInIndex = 1; lastKnownFileType = text.xcconfig; name = "Pods-SFReferenceImpl.debug.xcconfig"; path = "Pods/Target Support Files/Pods-SFReferenceImpl/Pods-SFReferenceImpl.debug.xcconfig"; sourceTree = "<group>"; };
		732847B41E830B9600580DE5 /* SFReferenceImpl.app */ = {isa = PBXFileReference; explicitFileType = wrapper.application; includeInIndex = 0; path = SFReferenceImpl.app; sourceTree = BUILT_PRODUCTS_DIR; };
		732847B81E830B9600580DE5 /* main.m */ = {isa = PBXFileReference; lastKnownFileType = sourcecode.c.objc; path = main.m; sourceTree = "<group>"; };
		732847BA1E830B9600580DE5 /* AppDelegate.h */ = {isa = PBXFileReference; lastKnownFileType = sourcecode.c.h; path = AppDelegate.h; sourceTree = "<group>"; };
		732847BB1E830B9600580DE5 /* AppDelegate.m */ = {isa = PBXFileReference; lastKnownFileType = sourcecode.c.objc; path = AppDelegate.m; sourceTree = "<group>"; };
		732847BD1E830B9600580DE5 /* ViewController.h */ = {isa = PBXFileReference; lastKnownFileType = sourcecode.c.h; path = ViewController.h; sourceTree = "<group>"; };
		732847BE1E830B9600580DE5 /* ViewController.m */ = {isa = PBXFileReference; lastKnownFileType = sourcecode.c.objc; path = ViewController.m; sourceTree = "<group>"; };
		732847C11E830B9600580DE5 /* Base */ = {isa = PBXFileReference; lastKnownFileType = file.storyboard; name = Base; path = Base.lproj/Main.storyboard; sourceTree = "<group>"; };
		732847C31E830B9600580DE5 /* Assets.xcassets */ = {isa = PBXFileReference; lastKnownFileType = folder.assetcatalog; path = Assets.xcassets; sourceTree = "<group>"; };
		732847C61E830B9600580DE5 /* Base */ = {isa = PBXFileReference; lastKnownFileType = file.storyboard; name = Base; path = Base.lproj/LaunchScreen.storyboard; sourceTree = "<group>"; };
		732847C81E830B9600580DE5 /* Info.plist */ = {isa = PBXFileReference; lastKnownFileType = text.plist.xml; path = Info.plist; sourceTree = "<group>"; };
		732847D01E830C9500580DE5 /* FreigSanProBook.otf */ = {isa = PBXFileReference; lastKnownFileType = file; path = FreigSanProBook.otf; sourceTree = "<group>"; };
		732847D21E830CB400580DE5 /* BryantPro-Medium.otf */ = {isa = PBXFileReference; lastKnownFileType = file; path = "BryantPro-Medium.otf"; sourceTree = "<group>"; };
		732847D41E830CD600580DE5 /* FDSCServiceManager.h */ = {isa = PBXFileReference; fileEncoding = 4; lastKnownFileType = sourcecode.c.h; path = FDSCServiceManager.h; sourceTree = "<group>"; };
		732847D51E830CD600580DE5 /* FDSCServiceManager.m */ = {isa = PBXFileReference; fileEncoding = 4; lastKnownFileType = sourcecode.c.objc; path = FDSCServiceManager.m; sourceTree = "<group>"; };
		8C319AE2C470E2D932C962ED /* libPods-SFReferenceImpl.a */ = {isa = PBXFileReference; explicitFileType = archive.ar; includeInIndex = 0; path = "libPods-SFReferenceImpl.a"; sourceTree = BUILT_PRODUCTS_DIR; };
		93A282655F9F154153690E6A /* Pods-SFReferenceImpl.release.xcconfig */ = {isa = PBXFileReference; includeInIndex = 1; lastKnownFileType = text.xcconfig; name = "Pods-SFReferenceImpl.release.xcconfig"; path = "Pods/Target Support Files/Pods-SFReferenceImpl/Pods-SFReferenceImpl.release.xcconfig"; sourceTree = "<group>"; };
/* End PBXFileReference section */

/* Begin PBXFrameworksBuildPhase section */
		732847B11E830B9600580DE5 /* Frameworks */ = {
			isa = PBXFrameworksBuildPhase;
			buildActionMask = 2147483647;
			files = (
				EB69C23B34525A66205C3159 /* libPods-SFReferenceImpl.a in Frameworks */,
			);
			runOnlyForDeploymentPostprocessing = 0;
		};
/* End PBXFrameworksBuildPhase section */

/* Begin PBXGroup section */
		732847AB1E830B9600580DE5 = {
			isa = PBXGroup;
			children = (
				732847B61E830B9600580DE5 /* SFReferenceImpl */,
				732847B51E830B9600580DE5 /* Products */,
				BDA81582ECA1548CFAA31EB5 /* Pods */,
				F4303A92D3E2AB3E968702D6 /* Frameworks */,
			);
			sourceTree = "<group>";
		};
		732847B51E830B9600580DE5 /* Products */ = {
			isa = PBXGroup;
			children = (
				732847B41E830B9600580DE5 /* SFReferenceImpl.app */,
			);
			name = Products;
			sourceTree = "<group>";
		};
		732847B61E830B9600580DE5 /* SFReferenceImpl */ = {
			isa = PBXGroup;
			children = (
				732847BA1E830B9600580DE5 /* AppDelegate.h */,
				732847BB1E830B9600580DE5 /* AppDelegate.m */,
				732847D41E830CD600580DE5 /* FDSCServiceManager.h */,
				732847D51E830CD600580DE5 /* FDSCServiceManager.m */,
				732847BD1E830B9600580DE5 /* ViewController.h */,
				732847BE1E830B9600580DE5 /* ViewController.m */,
				732847C01E830B9600580DE5 /* Main.storyboard */,
				732847C31E830B9600580DE5 /* Assets.xcassets */,
				732847C51E830B9600580DE5 /* LaunchScreen.storyboard */,
				732847C81E830B9600580DE5 /* Info.plist */,
				732847B71E830B9600580DE5 /* Supporting Files */,
				732847CF1E830C7F00580DE5 /* Resources */,
			);
			path = SFReferenceImpl;
			sourceTree = "<group>";
		};
		732847B71E830B9600580DE5 /* Supporting Files */ = {
			isa = PBXGroup;
			children = (
				732847B81E830B9600580DE5 /* main.m */,
			);
			name = "Supporting Files";
			sourceTree = "<group>";
		};
		732847CF1E830C7F00580DE5 /* Resources */ = {
			isa = PBXGroup;
			children = (
				732847D21E830CB400580DE5 /* BryantPro-Medium.otf */,
				732847D01E830C9500580DE5 /* FreigSanProBook.otf */,
			);
			name = Resources;
			sourceTree = "<group>";
		};
		BDA81582ECA1548CFAA31EB5 /* Pods */ = {
			isa = PBXGroup;
			children = (
				12E77107DDEC6BB292E51064 /* Pods-SFReferenceImpl.debug.xcconfig */,
				93A282655F9F154153690E6A /* Pods-SFReferenceImpl.release.xcconfig */,
			);
			name = Pods;
			sourceTree = "<group>";
		};
		F4303A92D3E2AB3E968702D6 /* Frameworks */ = {
			isa = PBXGroup;
			children = (
				8C319AE2C470E2D932C962ED /* libPods-SFReferenceImpl.a */,
			);
			name = Frameworks;
			sourceTree = "<group>";
		};
/* End PBXGroup section */

/* Begin PBXNativeTarget section */
		732847B31E830B9600580DE5 /* SFReferenceImpl */ = {
			isa = PBXNativeTarget;
			buildConfigurationList = 732847CB1E830B9600580DE5 /* Build configuration list for PBXNativeTarget "SFReferenceImpl" */;
			buildPhases = (
				821986FA74EAB74604CC2310 /* [CP] Check Pods Manifest.lock */,
				732847B01E830B9600580DE5 /* Sources */,
				732847B11E830B9600580DE5 /* Frameworks */,
				732847B21E830B9600580DE5 /* Resources */,
				E24EE935AFE415E8CE8FE3F4 /* [CP] Embed Pods Frameworks */,
				44040AE0669DDE54DF60050B /* [CP] Copy Pods Resources */,
				732847D71E830F4F00580DE5 /* ShellScript */,
			);
			buildRules = (
			);
			dependencies = (
			);
			name = SFReferenceImpl;
			productName = SFReferenceImpl;
			productReference = 732847B41E830B9600580DE5 /* SFReferenceImpl.app */;
			productType = "com.apple.product-type.application";
		};
/* End PBXNativeTarget section */

/* Begin PBXProject section */
		732847AC1E830B9600580DE5 /* Project object */ = {
			isa = PBXProject;
			attributes = {
				LastUpgradeCheck = 0820;
				ORGANIZATIONNAME = "Shad Downey";
				TargetAttributes = {
					732847B31E830B9600580DE5 = {
						CreatedOnToolsVersion = 8.2.1;
						DevelopmentTeam = KTWP79UZ95;
						ProvisioningStyle = Automatic;
						SystemCapabilities = {
							com.apple.BackgroundModes = {
								enabled = 1;
							};
						};
					};
				};
			};
			buildConfigurationList = 732847AF1E830B9600580DE5 /* Build configuration list for PBXProject "SFReferenceImpl" */;
			compatibilityVersion = "Xcode 3.2";
			developmentRegion = English;
			hasScannedForEncodings = 0;
			knownRegions = (
				en,
				Base,
			);
			mainGroup = 732847AB1E830B9600580DE5;
			productRefGroup = 732847B51E830B9600580DE5 /* Products */;
			projectDirPath = "";
			projectRoot = "";
			targets = (
				732847B31E830B9600580DE5 /* SFReferenceImpl */,
			);
		};
/* End PBXProject section */

/* Begin PBXResourcesBuildPhase section */
		732847B21E830B9600580DE5 /* Resources */ = {
			isa = PBXResourcesBuildPhase;
			buildActionMask = 2147483647;
			files = (
				732847C71E830B9600580DE5 /* LaunchScreen.storyboard in Resources */,
				732847D11E830C9500580DE5 /* FreigSanProBook.otf in Resources */,
				732847C41E830B9600580DE5 /* Assets.xcassets in Resources */,
				732847C21E830B9600580DE5 /* Main.storyboard in Resources */,
				732847D31E830CB400580DE5 /* BryantPro-Medium.otf in Resources */,
			);
			runOnlyForDeploymentPostprocessing = 0;
		};
/* End PBXResourcesBuildPhase section */

/* Begin PBXShellScriptBuildPhase section */
		44040AE0669DDE54DF60050B /* [CP] Copy Pods Resources */ = {
			isa = PBXShellScriptBuildPhase;
			buildActionMask = 2147483647;
			files = (
			);
			inputPaths = (
			);
			name = "[CP] Copy Pods Resources";
			outputPaths = (
			);
			runOnlyForDeploymentPostprocessing = 0;
			shellPath = /bin/sh;
			shellScript = "\"${SRCROOT}/Pods/Target Support Files/Pods-SFReferenceImpl/Pods-SFReferenceImpl-resources.sh\"\n";
			showEnvVarsInLog = 0;
		};
		732847D71E830F4F00580DE5 /* ShellScript */ = {
			isa = PBXShellScriptBuildPhase;
			buildActionMask = 2147483647;
			files = (
			);
			inputPaths = (
			);
			outputPaths = (
			);
			runOnlyForDeploymentPostprocessing = 0;
			shellPath = /bin/sh;
			shellScript = "\"$PODS_ROOT/ServiceSDK/Frameworks/SalesforceKit.framework/prepare-framework\"";
		};
		821986FA74EAB74604CC2310 /* [CP] Check Pods Manifest.lock */ = {
			isa = PBXShellScriptBuildPhase;
			buildActionMask = 2147483647;
			files = (
			);
			inputPaths = (
			);
			name = "[CP] Check Pods Manifest.lock";
			outputPaths = (
			);
			runOnlyForDeploymentPostprocessing = 0;
			shellPath = /bin/sh;
			shellScript = "diff \"${PODS_ROOT}/../Podfile.lock\" \"${PODS_ROOT}/Manifest.lock\" > /dev/null\nif [ $? != 0 ] ; then\n    # print error to STDERR\n    echo \"error: The sandbox is not in sync with the Podfile.lock. Run 'pod install' or update your CocoaPods installation.\" >&2\n    exit 1\nfi\n";
			showEnvVarsInLog = 0;
		};
		E24EE935AFE415E8CE8FE3F4 /* [CP] Embed Pods Frameworks */ = {
			isa = PBXShellScriptBuildPhase;
			buildActionMask = 2147483647;
			files = (
			);
			inputPaths = (
			);
			name = "[CP] Embed Pods Frameworks";
			outputPaths = (
			);
			runOnlyForDeploymentPostprocessing = 0;
			shellPath = /bin/sh;
			shellScript = "\"${SRCROOT}/Pods/Target Support Files/Pods-SFReferenceImpl/Pods-SFReferenceImpl-frameworks.sh\"\n";
			showEnvVarsInLog = 0;
		};
/* End PBXShellScriptBuildPhase section */

/* Begin PBXSourcesBuildPhase section */
		732847B01E830B9600580DE5 /* Sources */ = {
			isa = PBXSourcesBuildPhase;
			buildActionMask = 2147483647;
			files = (
				732847BF1E830B9600580DE5 /* ViewController.m in Sources */,
				732847BC1E830B9600580DE5 /* AppDelegate.m in Sources */,
				732847B91E830B9600580DE5 /* main.m in Sources */,
				732847D61E830CD600580DE5 /* FDSCServiceManager.m in Sources */,
			);
			runOnlyForDeploymentPostprocessing = 0;
		};
/* End PBXSourcesBuildPhase section */

/* Begin PBXVariantGroup section */
		732847C01E830B9600580DE5 /* Main.storyboard */ = {
			isa = PBXVariantGroup;
			children = (
				732847C11E830B9600580DE5 /* Base */,
			);
			name = Main.storyboard;
			sourceTree = "<group>";
		};
		732847C51E830B9600580DE5 /* LaunchScreen.storyboard */ = {
			isa = PBXVariantGroup;
			children = (
				732847C61E830B9600580DE5 /* Base */,
			);
			name = LaunchScreen.storyboard;
			sourceTree = "<group>";
		};
/* End PBXVariantGroup section */

/* Begin XCBuildConfiguration section */
		732847C91E830B9600580DE5 /* Debug */ = {
			isa = XCBuildConfiguration;
			buildSettings = {
				ALWAYS_SEARCH_USER_PATHS = NO;
				CLANG_ANALYZER_NONNULL = YES;
				CLANG_CXX_LANGUAGE_STANDARD = "gnu++0x";
				CLANG_CXX_LIBRARY = "libc++";
				CLANG_ENABLE_MODULES = YES;
				CLANG_ENABLE_OBJC_ARC = YES;
				CLANG_WARN_BOOL_CONVERSION = YES;
				CLANG_WARN_CONSTANT_CONVERSION = YES;
				CLANG_WARN_DIRECT_OBJC_ISA_USAGE = YES_ERROR;
				CLANG_WARN_DOCUMENTATION_COMMENTS = YES;
				CLANG_WARN_EMPTY_BODY = YES;
				CLANG_WARN_ENUM_CONVERSION = YES;
				CLANG_WARN_INFINITE_RECURSION = YES;
				CLANG_WARN_INT_CONVERSION = YES;
				CLANG_WARN_OBJC_ROOT_CLASS = YES_ERROR;
				CLANG_WARN_SUSPICIOUS_MOVE = YES;
				CLANG_WARN_UNREACHABLE_CODE = YES;
				CLANG_WARN__DUPLICATE_METHOD_MATCH = YES;
				"CODE_SIGN_IDENTITY[sdk=iphoneos*]" = "iPhone Developer";
				COPY_PHASE_STRIP = NO;
				DEBUG_INFORMATION_FORMAT = dwarf;
				ENABLE_STRICT_OBJC_MSGSEND = YES;
				ENABLE_TESTABILITY = YES;
				GCC_C_LANGUAGE_STANDARD = gnu99;
				GCC_DYNAMIC_NO_PIC = NO;
				GCC_NO_COMMON_BLOCKS = YES;
				GCC_OPTIMIZATION_LEVEL = 0;
				GCC_PREPROCESSOR_DEFINITIONS = (
					"DEBUG=1",
					"$(inherited)",
				);
				GCC_WARN_64_TO_32_BIT_CONVERSION = YES;
				GCC_WARN_ABOUT_RETURN_TYPE = YES_ERROR;
				GCC_WARN_UNDECLARED_SELECTOR = YES;
				GCC_WARN_UNINITIALIZED_AUTOS = YES_AGGRESSIVE;
				GCC_WARN_UNUSED_FUNCTION = YES;
				GCC_WARN_UNUSED_VARIABLE = YES;
				IPHONEOS_DEPLOYMENT_TARGET = 10.2;
				MTL_ENABLE_DEBUG_INFO = YES;
				ONLY_ACTIVE_ARCH = YES;
				SDKROOT = iphoneos;
			};
			name = Debug;
		};
		732847CA1E830B9600580DE5 /* Release */ = {
			isa = XCBuildConfiguration;
			buildSettings = {
				ALWAYS_SEARCH_USER_PATHS = NO;
				CLANG_ANALYZER_NONNULL = YES;
				CLANG_CXX_LANGUAGE_STANDARD = "gnu++0x";
				CLANG_CXX_LIBRARY = "libc++";
				CLANG_ENABLE_MODULES = YES;
				CLANG_ENABLE_OBJC_ARC = YES;
				CLANG_WARN_BOOL_CONVERSION = YES;
				CLANG_WARN_CONSTANT_CONVERSION = YES;
				CLANG_WARN_DIRECT_OBJC_ISA_USAGE = YES_ERROR;
				CLANG_WARN_DOCUMENTATION_COMMENTS = YES;
				CLANG_WARN_EMPTY_BODY = YES;
				CLANG_WARN_ENUM_CONVERSION = YES;
				CLANG_WARN_INFINITE_RECURSION = YES;
				CLANG_WARN_INT_CONVERSION = YES;
				CLANG_WARN_OBJC_ROOT_CLASS = YES_ERROR;
				CLANG_WARN_SUSPICIOUS_MOVE = YES;
				CLANG_WARN_UNREACHABLE_CODE = YES;
				CLANG_WARN__DUPLICATE_METHOD_MATCH = YES;
				"CODE_SIGN_IDENTITY[sdk=iphoneos*]" = "iPhone Developer";
				COPY_PHASE_STRIP = NO;
				DEBUG_INFORMATION_FORMAT = "dwarf-with-dsym";
				ENABLE_NS_ASSERTIONS = NO;
				ENABLE_STRICT_OBJC_MSGSEND = YES;
				GCC_C_LANGUAGE_STANDARD = gnu99;
				GCC_NO_COMMON_BLOCKS = YES;
				GCC_WARN_64_TO_32_BIT_CONVERSION = YES;
				GCC_WARN_ABOUT_RETURN_TYPE = YES_ERROR;
				GCC_WARN_UNDECLARED_SELECTOR = YES;
				GCC_WARN_UNINITIALIZED_AUTOS = YES_AGGRESSIVE;
				GCC_WARN_UNUSED_FUNCTION = YES;
				GCC_WARN_UNUSED_VARIABLE = YES;
				IPHONEOS_DEPLOYMENT_TARGET = 10.2;
				MTL_ENABLE_DEBUG_INFO = NO;
				SDKROOT = iphoneos;
				VALIDATE_PRODUCT = YES;
			};
			name = Release;
		};
		732847CC1E830B9600580DE5 /* Debug */ = {
			isa = XCBuildConfiguration;
			baseConfigurationReference = 12E77107DDEC6BB292E51064 /* Pods-SFReferenceImpl.debug.xcconfig */;
			buildSettings = {
				ASSETCATALOG_COMPILER_APPICON_NAME = AppIcon;
				DEVELOPMENT_TEAM = KTWP79UZ95;
				ENABLE_BITCODE = NO;
				INFOPLIST_FILE = SFReferenceImpl/Info.plist;
				LD_RUNPATH_SEARCH_PATHS = "$(inherited) @executable_path/Frameworks";
				PRODUCT_BUNDLE_IDENTIFIER = com.1stdibs.utils.SFReferenceImpl;
				PRODUCT_NAME = "$(TARGET_NAME)";
			};
			name = Debug;
		};
		732847CD1E830B9600580DE5 /* Release */ = {
			isa = XCBuildConfiguration;
			baseConfigurationReference = 93A282655F9F154153690E6A /* Pods-SFReferenceImpl.release.xcconfig */;
			buildSettings = {
				ASSETCATALOG_COMPILER_APPICON_NAME = AppIcon;
				DEVELOPMENT_TEAM = KTWP79UZ95;
				ENABLE_BITCODE = NO;
				INFOPLIST_FILE = SFReferenceImpl/Info.plist;
				LD_RUNPATH_SEARCH_PATHS = "$(inherited) @executable_path/Frameworks";
				PRODUCT_BUNDLE_IDENTIFIER = com.1stdibs.utils.SFReferenceImpl;
				PRODUCT_NAME = "$(TARGET_NAME)";
			};
			name = Release;
		};
/* End XCBuildConfiguration section */

/* Begin XCConfigurationList section */
		732847AF1E830B9600580DE5 /* Build configuration list for PBXProject "SFReferenceImpl" */ = {
			isa = XCConfigurationList;
			buildConfigurations = (
				732847C91E830B9600580DE5 /* Debug */,
				732847CA1E830B9600580DE5 /* Release */,
			);
			defaultConfigurationIsVisible = 0;
			defaultConfigurationName = Release;
		};
		732847CB1E830B9600580DE5 /* Build configuration list for PBXNativeTarget "SFReferenceImpl" */ = {
			isa = XCConfigurationList;
			buildConfigurations = (
				732847CC1E830B9600580DE5 /* Debug */,
				732847CD1E830B9600580DE5 /* Release */,
			);
			defaultConfigurationIsVisible = 0;
			defaultConfigurationName = Release;
		};
/* End XCConfigurationList section */
	};
	rootObject = 732847AC1E830B9600580DE5 /* Project object */;
}
